// !$*UTF8*$!
{
	archiveVersion = 1;
	classes = {
	};
	objectVersion = 55;
	objects = {

/* Begin PBXBuildFile section */
		4E01D3FA28E5974D00C2D44F /* AppDelegate.swift in Sources */ = {isa = PBXBuildFile; fileRef = 4E01D3F928E5974D00C2D44F /* AppDelegate.swift */; };
		4E01D3FC28E5974D00C2D44F /* SceneDelegate.swift in Sources */ = {isa = PBXBuildFile; fileRef = 4E01D3FB28E5974D00C2D44F /* SceneDelegate.swift */; };
		4E01D40128E5974D00C2D44F /* Main.storyboard in Resources */ = {isa = PBXBuildFile; fileRef = 4E01D3FF28E5974D00C2D44F /* Main.storyboard */; };
		4E01D40328E5974F00C2D44F /* Assets.xcassets in Resources */ = {isa = PBXBuildFile; fileRef = 4E01D40228E5974F00C2D44F /* Assets.xcassets */; };
		4E01D40628E5974F00C2D44F /* LaunchScreen.storyboard in Resources */ = {isa = PBXBuildFile; fileRef = 4E01D40428E5974F00C2D44F /* LaunchScreen.storyboard */; };
		4E01D41128E5A54D00C2D44F /* TrendingController.swift in Sources */ = {isa = PBXBuildFile; fileRef = 4E01D41028E5A54D00C2D44F /* TrendingController.swift */; };
		4E01D41328E5A56B00C2D44F /* CinemaController.swift in Sources */ = {isa = PBXBuildFile; fileRef = 4E01D41228E5A56B00C2D44F /* CinemaController.swift */; };
		4E01D41528E5A58200C2D44F /* UpcomingController.swift in Sources */ = {isa = PBXBuildFile; fileRef = 4E01D41428E5A58200C2D44F /* UpcomingController.swift */; };
		4E01D41728E5A5AC00C2D44F /* SearchController.swift in Sources */ = {isa = PBXBuildFile; fileRef = 4E01D41628E5A5AC00C2D44F /* SearchController.swift */; };
		4E01D41928E5A5CA00C2D44F /* DetailsController.swift in Sources */ = {isa = PBXBuildFile; fileRef = 4E01D41828E5A5CA00C2D44F /* DetailsController.swift */; };
		4EFD8B0928E6D21900752B9E /* TrendingSchema.swift in Sources */ = {isa = PBXBuildFile; fileRef = 4EFD8B0828E6D21900752B9E /* TrendingSchema.swift */; };
		4EFD8B0B28E6D22800752B9E /* CinemaSchema.swift in Sources */ = {isa = PBXBuildFile; fileRef = 4EFD8B0A28E6D22800752B9E /* CinemaSchema.swift */; };
		4EFD8B0D28E6D23A00752B9E /* UpcomingSchema.swift in Sources */ = {isa = PBXBuildFile; fileRef = 4EFD8B0C28E6D23A00752B9E /* UpcomingSchema.swift */; };
		4EFD8B0F28E6D24F00752B9E /* SearchSchema.swift in Sources */ = {isa = PBXBuildFile; fileRef = 4EFD8B0E28E6D24F00752B9E /* SearchSchema.swift */; };
		4EFD8B1128E6D25D00752B9E /* DetailSchema.swift in Sources */ = {isa = PBXBuildFile; fileRef = 4EFD8B1028E6D25D00752B9E /* DetailSchema.swift */; };
		4EFD8B1328E6D26A00752B9E /* StreamingSchema.swift in Sources */ = {isa = PBXBuildFile; fileRef = 4EFD8B1228E6D26A00752B9E /* StreamingSchema.swift */; };
		4EFD8B1828E6D84300752B9E /* TableViewCell.swift in Sources */ = {isa = PBXBuildFile; fileRef = 4EFD8B1628E6D84300752B9E /* TableViewCell.swift */; };
		4EFD8B1928E6D84300752B9E /* TableViewCell.xib in Resources */ = {isa = PBXBuildFile; fileRef = 4EFD8B1728E6D84300752B9E /* TableViewCell.xib */; };
/* End PBXBuildFile section */

/* Begin PBXFileReference section */
		4E01D3F628E5974D00C2D44F /* Movist.app */ = {isa = PBXFileReference; explicitFileType = wrapper.application; includeInIndex = 0; path = Movist.app; sourceTree = BUILT_PRODUCTS_DIR; };
		4E01D3F928E5974D00C2D44F /* AppDelegate.swift */ = {isa = PBXFileReference; lastKnownFileType = sourcecode.swift; path = AppDelegate.swift; sourceTree = "<group>"; };
		4E01D3FB28E5974D00C2D44F /* SceneDelegate.swift */ = {isa = PBXFileReference; lastKnownFileType = sourcecode.swift; path = SceneDelegate.swift; sourceTree = "<group>"; };
		4E01D40028E5974D00C2D44F /* Base */ = {isa = PBXFileReference; lastKnownFileType = file.storyboard; name = Base; path = Base.lproj/Main.storyboard; sourceTree = "<group>"; };
		4E01D40228E5974F00C2D44F /* Assets.xcassets */ = {isa = PBXFileReference; lastKnownFileType = folder.assetcatalog; path = Assets.xcassets; sourceTree = "<group>"; };
		4E01D40528E5974F00C2D44F /* Base */ = {isa = PBXFileReference; lastKnownFileType = file.storyboard; name = Base; path = Base.lproj/LaunchScreen.storyboard; sourceTree = "<group>"; };
		4E01D40728E5974F00C2D44F /* Info.plist */ = {isa = PBXFileReference; lastKnownFileType = text.plist.xml; path = Info.plist; sourceTree = "<group>"; };
		4E01D41028E5A54D00C2D44F /* TrendingController.swift */ = {isa = PBXFileReference; lastKnownFileType = sourcecode.swift; path = TrendingController.swift; sourceTree = "<group>"; };
		4E01D41228E5A56B00C2D44F /* CinemaController.swift */ = {isa = PBXFileReference; lastKnownFileType = sourcecode.swift; path = CinemaController.swift; sourceTree = "<group>"; };
		4E01D41428E5A58200C2D44F /* UpcomingController.swift */ = {isa = PBXFileReference; lastKnownFileType = sourcecode.swift; path = UpcomingController.swift; sourceTree = "<group>"; };
		4E01D41628E5A5AC00C2D44F /* SearchController.swift */ = {isa = PBXFileReference; lastKnownFileType = sourcecode.swift; path = SearchController.swift; sourceTree = "<group>"; };
		4E01D41828E5A5CA00C2D44F /* DetailsController.swift */ = {isa = PBXFileReference; lastKnownFileType = sourcecode.swift; path = DetailsController.swift; sourceTree = "<group>"; };
		4EFD8B0828E6D21900752B9E /* TrendingSchema.swift */ = {isa = PBXFileReference; lastKnownFileType = sourcecode.swift; path = TrendingSchema.swift; sourceTree = "<group>"; };
		4EFD8B0A28E6D22800752B9E /* CinemaSchema.swift */ = {isa = PBXFileReference; lastKnownFileType = sourcecode.swift; path = CinemaSchema.swift; sourceTree = "<group>"; };
		4EFD8B0C28E6D23A00752B9E /* UpcomingSchema.swift */ = {isa = PBXFileReference; lastKnownFileType = sourcecode.swift; path = UpcomingSchema.swift; sourceTree = "<group>"; };
		4EFD8B0E28E6D24F00752B9E /* SearchSchema.swift */ = {isa = PBXFileReference; lastKnownFileType = sourcecode.swift; path = SearchSchema.swift; sourceTree = "<group>"; };
		4EFD8B1028E6D25D00752B9E /* DetailSchema.swift */ = {isa = PBXFileReference; lastKnownFileType = sourcecode.swift; path = DetailSchema.swift; sourceTree = "<group>"; };
		4EFD8B1228E6D26A00752B9E /* StreamingSchema.swift */ = {isa = PBXFileReference; lastKnownFileType = sourcecode.swift; path = StreamingSchema.swift; sourceTree = "<group>"; };
		4EFD8B1628E6D84300752B9E /* TableViewCell.swift */ = {isa = PBXFileReference; lastKnownFileType = sourcecode.swift; path = TableViewCell.swift; sourceTree = "<group>"; };
		4EFD8B1728E6D84300752B9E /* TableViewCell.xib */ = {isa = PBXFileReference; lastKnownFileType = file.xib; path = TableViewCell.xib; sourceTree = "<group>"; };
/* End PBXFileReference section */

/* Begin PBXFrameworksBuildPhase section */
		4E01D3F328E5974D00C2D44F /* Frameworks */ = {
			isa = PBXFrameworksBuildPhase;
			buildActionMask = 2147483647;
			files = (
			);
			runOnlyForDeploymentPostprocessing = 0;
		};
/* End PBXFrameworksBuildPhase section */

/* Begin PBXGroup section */
		4E01D3ED28E5974D00C2D44F = {
			isa = PBXGroup;
			children = (
				4E01D3F828E5974D00C2D44F /* Movist */,
				4E01D3F728E5974D00C2D44F /* Products */,
			);
			sourceTree = "<group>";
		};
		4E01D3F728E5974D00C2D44F /* Products */ = {
			isa = PBXGroup;
			children = (
				4E01D3F628E5974D00C2D44F /* Movist.app */,
			);
			name = Products;
			sourceTree = "<group>";
		};
		4E01D3F828E5974D00C2D44F /* Movist */ = {
			isa = PBXGroup;
			children = (
				4E01D3F928E5974D00C2D44F /* AppDelegate.swift */,
				4E01D3FB28E5974D00C2D44F /* SceneDelegate.swift */,
				4E01D40F28E5A4D300C2D44F /* Model */,
				4E01D40E28E5A4CB00C2D44F /* View */,
				4E01D40D28E5A4C200C2D44F /* Controller */,
				4E01D40228E5974F00C2D44F /* Assets.xcassets */,
				4E01D40428E5974F00C2D44F /* LaunchScreen.storyboard */,
				4E01D40728E5974F00C2D44F /* Info.plist */,
			);
			path = Movist;
			sourceTree = "<group>";
		};
		4E01D40D28E5A4C200C2D44F /* Controller */ = {
			isa = PBXGroup;
			children = (
				4E01D41028E5A54D00C2D44F /* TrendingController.swift */,
				4E01D41228E5A56B00C2D44F /* CinemaController.swift */,
				4E01D41428E5A58200C2D44F /* UpcomingController.swift */,
				4E01D41628E5A5AC00C2D44F /* SearchController.swift */,
				4E01D41828E5A5CA00C2D44F /* DetailsController.swift */,
			);
			path = Controller;
			sourceTree = "<group>";
		};
		4E01D40E28E5A4CB00C2D44F /* View */ = {
			isa = PBXGroup;
			children = (
				4E01D3FF28E5974D00C2D44F /* Main.storyboard */,
				4EFD8B1628E6D84300752B9E /* TableViewCell.swift */,
				4EFD8B1728E6D84300752B9E /* TableViewCell.xib */,
			);
			path = View;
			sourceTree = "<group>";
		};
		4E01D40F28E5A4D300C2D44F /* Model */ = {
			isa = PBXGroup;
			children = (
				4EFD8B0728E6D1B400752B9E /* JSON Schema */,
			);
			path = Model;
			sourceTree = "<group>";
		};
		4EFD8B0728E6D1B400752B9E /* JSON Schema */ = {
			isa = PBXGroup;
			children = (
				4EFD8B0828E6D21900752B9E /* TrendingSchema.swift */,
				4EFD8B0A28E6D22800752B9E /* CinemaSchema.swift */,
				4EFD8B0C28E6D23A00752B9E /* UpcomingSchema.swift */,
				4EFD8B0E28E6D24F00752B9E /* SearchSchema.swift */,
				4EFD8B1028E6D25D00752B9E /* DetailSchema.swift */,
				4EFD8B1228E6D26A00752B9E /* StreamingSchema.swift */,
			);
			path = "JSON Schema";
			sourceTree = "<group>";
		};
/* End PBXGroup section */

/* Begin PBXNativeTarget section */
		4E01D3F528E5974D00C2D44F /* Movist */ = {
			isa = PBXNativeTarget;
			buildConfigurationList = 4E01D40A28E5974F00C2D44F /* Build configuration list for PBXNativeTarget "Movist" */;
			buildPhases = (
				4E01D3F228E5974D00C2D44F /* Sources */,
				4E01D3F328E5974D00C2D44F /* Frameworks */,
				4E01D3F428E5974D00C2D44F /* Resources */,
			);
			buildRules = (
			);
			dependencies = (
			);
			name = Movist;
			productName = Movist;
			productReference = 4E01D3F628E5974D00C2D44F /* Movist.app */;
			productType = "com.apple.product-type.application";
		};
/* End PBXNativeTarget section */

/* Begin PBXProject section */
		4E01D3EE28E5974D00C2D44F /* Project object */ = {
			isa = PBXProject;
			attributes = {
				BuildIndependentTargetsInParallel = 1;
				LastSwiftUpdateCheck = 1320;
				LastUpgradeCheck = 1320;
				TargetAttributes = {
					4E01D3F528E5974D00C2D44F = {
						CreatedOnToolsVersion = 13.2.1;
					};
				};
			};
			buildConfigurationList = 4E01D3F128E5974D00C2D44F /* Build configuration list for PBXProject "Movist" */;
			compatibilityVersion = "Xcode 13.0";
			developmentRegion = en;
			hasScannedForEncodings = 0;
			knownRegions = (
				en,
				Base,
			);
			mainGroup = 4E01D3ED28E5974D00C2D44F;
			productRefGroup = 4E01D3F728E5974D00C2D44F /* Products */;
			projectDirPath = "";
			projectRoot = "";
			targets = (
				4E01D3F528E5974D00C2D44F /* Movist */,
			);
		};
/* End PBXProject section */

/* Begin PBXResourcesBuildPhase section */
		4E01D3F428E5974D00C2D44F /* Resources */ = {
			isa = PBXResourcesBuildPhase;
			buildActionMask = 2147483647;
			files = (
				4E01D40628E5974F00C2D44F /* LaunchScreen.storyboard in Resources */,
				4EFD8B1928E6D84300752B9E /* TableViewCell.xib in Resources */,
				4E01D40328E5974F00C2D44F /* Assets.xcassets in Resources */,
				4E01D40128E5974D00C2D44F /* Main.storyboard in Resources */,
			);
			runOnlyForDeploymentPostprocessing = 0;
		};
/* End PBXResourcesBuildPhase section */

/* Begin PBXSourcesBuildPhase section */
		4E01D3F228E5974D00C2D44F /* Sources */ = {
			isa = PBXSourcesBuildPhase;
			buildActionMask = 2147483647;
			files = (
				4E01D41928E5A5CA00C2D44F /* DetailsController.swift in Sources */,
				4EFD8B0B28E6D22800752B9E /* CinemaSchema.swift in Sources */,
				4E01D3FA28E5974D00C2D44F /* AppDelegate.swift in Sources */,
				4E01D41728E5A5AC00C2D44F /* SearchController.swift in Sources */,
				4EFD8B0928E6D21900752B9E /* TrendingSchema.swift in Sources */,
				4EFD8B1828E6D84300752B9E /* TableViewCell.swift in Sources */,
				4E01D41128E5A54D00C2D44F /* TrendingController.swift in Sources */,
				4E01D41328E5A56B00C2D44F /* CinemaController.swift in Sources */,
				4E01D3FC28E5974D00C2D44F /* SceneDelegate.swift in Sources */,
				4EFD8B0D28E6D23A00752B9E /* UpcomingSchema.swift in Sources */,
				4EFD8B1128E6D25D00752B9E /* DetailSchema.swift in Sources */,
				4EFD8B1328E6D26A00752B9E /* StreamingSchema.swift in Sources */,
				4EFD8B0F28E6D24F00752B9E /* SearchSchema.swift in Sources */,
				4E01D41528E5A58200C2D44F /* UpcomingController.swift in Sources */,
			);
			runOnlyForDeploymentPostprocessing = 0;
		};
/* End PBXSourcesBuildPhase section */

/* Begin PBXVariantGroup section */
		4E01D3FF28E5974D00C2D44F /* Main.storyboard */ = {
			isa = PBXVariantGroup;
			children = (
				4E01D40028E5974D00C2D44F /* Base */,
			);
			name = Main.storyboard;
			sourceTree = "<group>";
		};
		4E01D40428E5974F00C2D44F /* LaunchScreen.storyboard */ = {
			isa = PBXVariantGroup;
			children = (
				4E01D40528E5974F00C2D44F /* Base */,
			);
			name = LaunchScreen.storyboard;
			sourceTree = "<group>";
		};
/* End PBXVariantGroup section */

/* Begin XCBuildConfiguration section */
		4E01D40828E5974F00C2D44F /* Debug */ = {
			isa = XCBuildConfiguration;
			buildSettings = {
				ALWAYS_SEARCH_USER_PATHS = NO;
				CLANG_ANALYZER_NONNULL = YES;
				CLANG_ANALYZER_NUMBER_OBJECT_CONVERSION = YES_AGGRESSIVE;
				CLANG_CXX_LANGUAGE_STANDARD = "gnu++17";
				CLANG_CXX_LIBRARY = "libc++";
				CLANG_ENABLE_MODULES = YES;
				CLANG_ENABLE_OBJC_ARC = YES;
				CLANG_ENABLE_OBJC_WEAK = YES;
				CLANG_WARN_BLOCK_CAPTURE_AUTORELEASING = YES;
				CLANG_WARN_BOOL_CONVERSION = YES;
				CLANG_WARN_COMMA = YES;
				CLANG_WARN_CONSTANT_CONVERSION = YES;
				CLANG_WARN_DEPRECATED_OBJC_IMPLEMENTATIONS = YES;
				CLANG_WARN_DIRECT_OBJC_ISA_USAGE = YES_ERROR;
				CLANG_WARN_DOCUMENTATION_COMMENTS = YES;
				CLANG_WARN_EMPTY_BODY = YES;
				CLANG_WARN_ENUM_CONVERSION = YES;
				CLANG_WARN_INFINITE_RECURSION = YES;
				CLANG_WARN_INT_CONVERSION = YES;
				CLANG_WARN_NON_LITERAL_NULL_CONVERSION = YES;
				CLANG_WARN_OBJC_IMPLICIT_RETAIN_SELF = YES;
				CLANG_WARN_OBJC_LITERAL_CONVERSION = YES;
				CLANG_WARN_OBJC_ROOT_CLASS = YES_ERROR;
				CLANG_WARN_QUOTED_INCLUDE_IN_FRAMEWORK_HEADER = YES;
				CLANG_WARN_RANGE_LOOP_ANALYSIS = YES;
				CLANG_WARN_STRICT_PROTOTYPES = YES;
				CLANG_WARN_SUSPICIOUS_MOVE = YES;
				CLANG_WARN_UNGUARDED_AVAILABILITY = YES_AGGRESSIVE;
				CLANG_WARN_UNREACHABLE_CODE = YES;
				CLANG_WARN__DUPLICATE_METHOD_MATCH = YES;
				COPY_PHASE_STRIP = NO;
				DEBUG_INFORMATION_FORMAT = dwarf;
				ENABLE_STRICT_OBJC_MSGSEND = YES;
				ENABLE_TESTABILITY = YES;
				GCC_C_LANGUAGE_STANDARD = gnu11;
				GCC_DYNAMIC_NO_PIC = NO;
				GCC_NO_COMMON_BLOCKS = YES;
				GCC_OPTIMIZATION_LEVEL = 0;
				GCC_PREPROCESSOR_DEFINITIONS = (
					"DEBUG=1",
					"$(inherited)",
				);
				GCC_WARN_64_TO_32_BIT_CONVERSION = YES;
				GCC_WARN_ABOUT_RETURN_TYPE = YES_ERROR;
				GCC_WARN_UNDECLARED_SELECTOR = YES;
				GCC_WARN_UNINITIALIZED_AUTOS = YES_AGGRESSIVE;
				GCC_WARN_UNUSED_FUNCTION = YES;
				GCC_WARN_UNUSED_VARIABLE = YES;
				IPHONEOS_DEPLOYMENT_TARGET = 15.2;
				MTL_ENABLE_DEBUG_INFO = INCLUDE_SOURCE;
				MTL_FAST_MATH = YES;
				ONLY_ACTIVE_ARCH = YES;
				SDKROOT = iphoneos;
				SWIFT_ACTIVE_COMPILATION_CONDITIONS = DEBUG;
				SWIFT_OPTIMIZATION_LEVEL = "-Onone";
			};
			name = Debug;
		};
		4E01D40928E5974F00C2D44F /* Release */ = {
			isa = XCBuildConfiguration;
			buildSettings = {
				ALWAYS_SEARCH_USER_PATHS = NO;
				CLANG_ANALYZER_NONNULL = YES;
				CLANG_ANALYZER_NUMBER_OBJECT_CONVERSION = YES_AGGRESSIVE;
				CLANG_CXX_LANGUAGE_STANDARD = "gnu++17";
				CLANG_CXX_LIBRARY = "libc++";
				CLANG_ENABLE_MODULES = YES;
				CLANG_ENABLE_OBJC_ARC = YES;
				CLANG_ENABLE_OBJC_WEAK = YES;
				CLANG_WARN_BLOCK_CAPTURE_AUTORELEASING = YES;
				CLANG_WARN_BOOL_CONVERSION = YES;
				CLANG_WARN_COMMA = YES;
				CLANG_WARN_CONSTANT_CONVERSION = YES;
				CLANG_WARN_DEPRECATED_OBJC_IMPLEMENTATIONS = YES;
				CLANG_WARN_DIRECT_OBJC_ISA_USAGE = YES_ERROR;
				CLANG_WARN_DOCUMENTATION_COMMENTS = YES;
				CLANG_WARN_EMPTY_BODY = YES;
				CLANG_WARN_ENUM_CONVERSION = YES;
				CLANG_WARN_INFINITE_RECURSION = YES;
				CLANG_WARN_INT_CONVERSION = YES;
				CLANG_WARN_NON_LITERAL_NULL_CONVERSION = YES;
				CLANG_WARN_OBJC_IMPLICIT_RETAIN_SELF = YES;
				CLANG_WARN_OBJC_LITERAL_CONVERSION = YES;
				CLANG_WARN_OBJC_ROOT_CLASS = YES_ERROR;
				CLANG_WARN_QUOTED_INCLUDE_IN_FRAMEWORK_HEADER = YES;
				CLANG_WARN_RANGE_LOOP_ANALYSIS = YES;
				CLANG_WARN_STRICT_PROTOTYPES = YES;
				CLANG_WARN_SUSPICIOUS_MOVE = YES;
				CLANG_WARN_UNGUARDED_AVAILABILITY = YES_AGGRESSIVE;
				CLANG_WARN_UNREACHABLE_CODE = YES;
				CLANG_WARN__DUPLICATE_METHOD_MATCH = YES;
				COPY_PHASE_STRIP = NO;
				DEBUG_INFORMATION_FORMAT = "dwarf-with-dsym";
				ENABLE_NS_ASSERTIONS = NO;
				ENABLE_STRICT_OBJC_MSGSEND = YES;
				GCC_C_LANGUAGE_STANDARD = gnu11;
				GCC_NO_COMMON_BLOCKS = YES;
				GCC_WARN_64_TO_32_BIT_CONVERSION = YES;
				GCC_WARN_ABOUT_RETURN_TYPE = YES_ERROR;
				GCC_WARN_UNDECLARED_SELECTOR = YES;
				GCC_WARN_UNINITIALIZED_AUTOS = YES_AGGRESSIVE;
				GCC_WARN_UNUSED_FUNCTION = YES;
				GCC_WARN_UNUSED_VARIABLE = YES;
				IPHONEOS_DEPLOYMENT_TARGET = 15.2;
				MTL_ENABLE_DEBUG_INFO = NO;
				MTL_FAST_MATH = YES;
				SDKROOT = iphoneos;
				SWIFT_COMPILATION_MODE = wholemodule;
				SWIFT_OPTIMIZATION_LEVEL = "-O";
				VALIDATE_PRODUCT = YES;
			};
			name = Release;
		};
		4E01D40B28E5974F00C2D44F /* Debug */ = {
			isa = XCBuildConfiguration;
			buildSettings = {
				ASSETCATALOG_COMPILER_APPICON_NAME = AppIcon;
				ASSETCATALOG_COMPILER_GLOBAL_ACCENT_COLOR_NAME = AccentColor;
				CODE_SIGN_STYLE = Automatic;
				CURRENT_PROJECT_VERSION = 1;
				DEVELOPMENT_TEAM = W6V4RR3FKW;
				GENERATE_INFOPLIST_FILE = YES;
				INFOPLIST_FILE = Movist/Info.plist;
				INFOPLIST_KEY_UIApplicationSupportsIndirectInputEvents = YES;
				INFOPLIST_KEY_UILaunchStoryboardName = LaunchScreen;
				INFOPLIST_KEY_UIMainStoryboardFile = Main;
				INFOPLIST_KEY_UISupportedInterfaceOrientations_iPad = "UIInterfaceOrientationPortrait UIInterfaceOrientationPortraitUpsideDown UIInterfaceOrientationLandscapeLeft UIInterfaceOrientationLandscapeRight";
				INFOPLIST_KEY_UISupportedInterfaceOrientations_iPhone = "UIInterfaceOrientationPortrait UIInterfaceOrientationLandscapeLeft UIInterfaceOrientationLandscapeRight";
				LD_RUNPATH_SEARCH_PATHS = (
					"$(inherited)",
					"@executable_path/Frameworks",
				);
				MARKETING_VERSION = 1.0;
				PRODUCT_BUNDLE_IDENTIFIER = pl.goldenapp.Movist;
				PRODUCT_NAME = "$(TARGET_NAME)";
				SWIFT_EMIT_LOC_STRINGS = YES;
				SWIFT_VERSION = 5.0;
				TARGETED_DEVICE_FAMILY = "1,2";
			};
			name = Debug;
		};
		4E01D40C28E5974F00C2D44F /* Release */ = {
			isa = XCBuildConfiguration;
			buildSettings = {
				ASSETCATALOG_COMPILER_APPICON_NAME = AppIcon;
				ASSETCATALOG_COMPILER_GLOBAL_ACCENT_COLOR_NAME = AccentColor;
				CODE_SIGN_STYLE = Automatic;
				CURRENT_PROJECT_VERSION = 1;
				DEVELOPMENT_TEAM = W6V4RR3FKW;
				GENERATE_INFOPLIST_FILE = YES;
				INFOPLIST_FILE = Movist/Info.plist;
				INFOPLIST_KEY_UIApplicationSupportsIndirectInputEvents = YES;
				INFOPLIST_KEY_UILaunchStoryboardName = LaunchScreen;
				INFOPLIST_KEY_UIMainStoryboardFile = Main;
				INFOPLIST_KEY_UISupportedInterfaceOrientations_iPad = "UIInterfaceOrientationPortrait UIInterfaceOrientationPortraitUpsideDown UIInterfaceOrientationLandscapeLeft UIInterfaceOrientationLandscapeRight";
				INFOPLIST_KEY_UISupportedInterfaceOrientations_iPhone = "UIInterfaceOrientationPortrait UIInterfaceOrientationLandscapeLeft UIInterfaceOrientationLandscapeRight";
				LD_RUNPATH_SEARCH_PATHS = (
					"$(inherited)",
					"@executable_path/Frameworks",
				);
				MARKETING_VERSION = 1.0;
				PRODUCT_BUNDLE_IDENTIFIER = pl.goldenapp.Movist;
				PRODUCT_NAME = "$(TARGET_NAME)";
				SWIFT_EMIT_LOC_STRINGS = YES;
				SWIFT_VERSION = 5.0;
				TARGETED_DEVICE_FAMILY = "1,2";
			};
			name = Release;
		};
/* End XCBuildConfiguration section */

/* Begin XCConfigurationList section */
		4E01D3F128E5974D00C2D44F /* Build configuration list for PBXProject "Movist" */ = {
			isa = XCConfigurationList;
			buildConfigurations = (
				4E01D40828E5974F00C2D44F /* Debug */,
				4E01D40928E5974F00C2D44F /* Release */,
			);
			defaultConfigurationIsVisible = 0;
			defaultConfigurationName = Release;
		};
		4E01D40A28E5974F00C2D44F /* Build configuration list for PBXNativeTarget "Movist" */ = {
			isa = XCConfigurationList;
			buildConfigurations = (
				4E01D40B28E5974F00C2D44F /* Debug */,
				4E01D40C28E5974F00C2D44F /* Release */,
			);
			defaultConfigurationIsVisible = 0;
			defaultConfigurationName = Release;
		};
/* End XCConfigurationList section */
	};
	rootObject = 4E01D3EE28E5974D00C2D44F /* Project object */;
}
